
Microsoft Visual Studio Solution File, Format Version 12.00
Project("{FAE04EC0-301F-11D3-BF4B-00C04F79EFBC}") = "WebApplicationExample", "WebApplicationExample\WebApplicationExample.csproj", "{ED4BAD3B-C6A8-4D93-847E-0321F1C03B15}"
EndProject
Project("{FAE04EC0-301F-11D3-BF4B-00C04F79EFBC}") = "OtherClassLib", "OtherClassLib\OtherClassLib.csproj", "{31B9A234-CB6E-4CD4-850C-943D46770C76}"
EndProject
Global
	GlobalSection(SolutionConfigurationPlatforms) = preSolution
		Debug|Any CPU = Debug|Any CPU
		Release|Any CPU = Release|Any CPU
	EndGlobalSection
	GlobalSection(ProjectConfigurationPlatforms) = postSolution
		{ED4BAD3B-C6A8-4D93-847E-0321F1C03B15}.Debug|Any CPU.ActiveCfg = Debug|Any CPU
		{ED4BAD3B-C6A8-4D93-847E-0321F1C03B15}.Debug|Any CPU.Build.0 = Debug|Any CPU
		{ED4BAD3B-C6A8-4D93-847E-0321F1C03B15}.Release|Any CPU.ActiveCfg = Release|Any CPU
		{ED4BAD3B-C6A8-4D93-847E-0321F1C03B15}.Release|Any CPU.Build.0 = Release|Any CPU
		{31B9A234-CB6E-4CD4-850C-943D46770C76}.Debug|Any CPU.ActiveCfg = Debug|Any CPU
		{31B9A234-CB6E-4CD4-850C-943D46770C76}.Debug|Any CPU.Build.0 = Debug|Any CPU
		{31B9A234-CB6E-4CD4-850C-943D46770C76}.Release|Any CPU.ActiveCfg = Release|Any CPU
		{31B9A234-CB6E-4CD4-850C-943D46770C76}.Release|Any CPU.Build.0 = Release|Any CPU
	EndGlobalSection
EndGlobal
